// !$*UTF8*$!
{
	archiveVersion = 1;
	classes = {
	};
	objectVersion = 55;
	objects = {

/* Begin PBXBuildFile section */
		63E40D8E28B4CE5300A56989 /* SkyPlaygroundApp.swift in Sources */ = {isa = PBXBuildFile; fileRef = 63E40D8D28B4CE5300A56989 /* SkyPlaygroundApp.swift */; };
		63E40D9028B4CE5300A56989 /* ContentView.swift in Sources */ = {isa = PBXBuildFile; fileRef = 63E40D8F28B4CE5300A56989 /* ContentView.swift */; };
		63E40D9228B4CE5600A56989 /* Assets.xcassets in Resources */ = {isa = PBXBuildFile; fileRef = 63E40D9128B4CE5600A56989 /* Assets.xcassets */; };
		63E40D9528B4CE5600A56989 /* Preview Assets.xcassets in Resources */ = {isa = PBXBuildFile; fileRef = 63E40D9428B4CE5600A56989 /* Preview Assets.xcassets */; };
		63E40D9F28B4CE5600A56989 /* SkyPlaygroundTests.swift in Sources */ = {isa = PBXBuildFile; fileRef = 63E40D9E28B4CE5600A56989 /* SkyPlaygroundTests.swift */; };
		63E40DA928B4CE5600A56989 /* SkyPlaygroundUITests.swift in Sources */ = {isa = PBXBuildFile; fileRef = 63E40DA828B4CE5600A56989 /* SkyPlaygroundUITests.swift */; };
		63E40DAB28B4CE5600A56989 /* SkyPlaygroundUITestsLaunchTests.swift in Sources */ = {isa = PBXBuildFile; fileRef = 63E40DAA28B4CE5600A56989 /* SkyPlaygroundUITestsLaunchTests.swift */; };
		63E40DB828B4CFFD00A56989 /* LoginView.swift in Sources */ = {isa = PBXBuildFile; fileRef = 63E40DB728B4CFFD00A56989 /* LoginView.swift */; };
/* End PBXBuildFile section */

/* Begin PBXContainerItemProxy section */
		63E40D9B28B4CE5600A56989 /* PBXContainerItemProxy */ = {
			isa = PBXContainerItemProxy;
			containerPortal = 63E40D8228B4CE5200A56989 /* Project object */;
			proxyType = 1;
			remoteGlobalIDString = 63E40D8928B4CE5300A56989;
			remoteInfo = SkyPlayground;
		};
		63E40DA528B4CE5600A56989 /* PBXContainerItemProxy */ = {
			isa = PBXContainerItemProxy;
			containerPortal = 63E40D8228B4CE5200A56989 /* Project object */;
			proxyType = 1;
			remoteGlobalIDString = 63E40D8928B4CE5300A56989;
			remoteInfo = SkyPlayground;
		};
/* End PBXContainerItemProxy section */

/* Begin PBXFileReference section */
		63E40D8A28B4CE5300A56989 /* SkyPlayground.app */ = {isa = PBXFileReference; explicitFileType = wrapper.application; includeInIndex = 0; path = SkyPlayground.app; sourceTree = BUILT_PRODUCTS_DIR; };
		63E40D8D28B4CE5300A56989 /* SkyPlaygroundApp.swift */ = {isa = PBXFileReference; lastKnownFileType = sourcecode.swift; path = SkyPlaygroundApp.swift; sourceTree = "<group>"; };
		63E40D8F28B4CE5300A56989 /* ContentView.swift */ = {isa = PBXFileReference; lastKnownFileType = sourcecode.swift; path = ContentView.swift; sourceTree = "<group>"; };
		63E40D9128B4CE5600A56989 /* Assets.xcassets */ = {isa = PBXFileReference; lastKnownFileType = folder.assetcatalog; path = Assets.xcassets; sourceTree = "<group>"; };
		63E40D9428B4CE5600A56989 /* Preview Assets.xcassets */ = {isa = PBXFileReference; lastKnownFileType = folder.assetcatalog; path = "Preview Assets.xcassets"; sourceTree = "<group>"; };
		63E40D9A28B4CE5600A56989 /* SkyPlaygroundTests.xctest */ = {isa = PBXFileReference; explicitFileType = wrapper.cfbundle; includeInIndex = 0; path = SkyPlaygroundTests.xctest; sourceTree = BUILT_PRODUCTS_DIR; };
		63E40D9E28B4CE5600A56989 /* SkyPlaygroundTests.swift */ = {isa = PBXFileReference; lastKnownFileType = sourcecode.swift; path = SkyPlaygroundTests.swift; sourceTree = "<group>"; };
		63E40DA428B4CE5600A56989 /* SkyPlaygroundUITests.xctest */ = {isa = PBXFileReference; explicitFileType = wrapper.cfbundle; includeInIndex = 0; path = SkyPlaygroundUITests.xctest; sourceTree = BUILT_PRODUCTS_DIR; };
		63E40DA828B4CE5600A56989 /* SkyPlaygroundUITests.swift */ = {isa = PBXFileReference; lastKnownFileType = sourcecode.swift; path = SkyPlaygroundUITests.swift; sourceTree = "<group>"; };
		63E40DAA28B4CE5600A56989 /* SkyPlaygroundUITestsLaunchTests.swift */ = {isa = PBXFileReference; lastKnownFileType = sourcecode.swift; path = SkyPlaygroundUITestsLaunchTests.swift; sourceTree = "<group>"; };
		63E40DB728B4CFFD00A56989 /* LoginView.swift */ = {isa = PBXFileReference; lastKnownFileType = sourcecode.swift; path = LoginView.swift; sourceTree = "<group>"; };
/* End PBXFileReference section */

/* Begin PBXFrameworksBuildPhase section */
		63E40D8728B4CE5300A56989 /* Frameworks */ = {
			isa = PBXFrameworksBuildPhase;
			buildActionMask = 2147483647;
			files = (
			);
			runOnlyForDeploymentPostprocessing = 0;
		};
		63E40D9728B4CE5600A56989 /* Frameworks */ = {
			isa = PBXFrameworksBuildPhase;
			buildActionMask = 2147483647;
			files = (
			);
			runOnlyForDeploymentPostprocessing = 0;
		};
		63E40DA128B4CE5600A56989 /* Frameworks */ = {
			isa = PBXFrameworksBuildPhase;
			buildActionMask = 2147483647;
			files = (
			);
			runOnlyForDeploymentPostprocessing = 0;
		};
/* End PBXFrameworksBuildPhase section */

/* Begin PBXGroup section */
		63E40D8128B4CE5200A56989 = {
			isa = PBXGroup;
			children = (
				63E40D8C28B4CE5300A56989 /* SkyPlayground */,
				63E40D9D28B4CE5600A56989 /* SkyPlaygroundTests */,
				63E40DA728B4CE5600A56989 /* SkyPlaygroundUITests */,
				63E40D8B28B4CE5300A56989 /* Products */,
			);
			sourceTree = "<group>";
		};
		63E40D8B28B4CE5300A56989 /* Products */ = {
			isa = PBXGroup;
			children = (
				63E40D8A28B4CE5300A56989 /* SkyPlayground.app */,
				63E40D9A28B4CE5600A56989 /* SkyPlaygroundTests.xctest */,
				63E40DA428B4CE5600A56989 /* SkyPlaygroundUITests.xctest */,
			);
			name = Products;
			sourceTree = "<group>";
		};
		63E40D8C28B4CE5300A56989 /* SkyPlayground */ = {
			isa = PBXGroup;
			children = (
				63E40DB728B4CFFD00A56989 /* LoginView.swift */,
				63E40D8D28B4CE5300A56989 /* SkyPlaygroundApp.swift */,
				63E40D8F28B4CE5300A56989 /* ContentView.swift */,
				63E40D9128B4CE5600A56989 /* Assets.xcassets */,
				63E40D9328B4CE5600A56989 /* Preview Content */,
			);
			path = SkyPlayground;
			sourceTree = "<group>";
		};
		63E40D9328B4CE5600A56989 /* Preview Content */ = {
			isa = PBXGroup;
			children = (
				63E40D9428B4CE5600A56989 /* Preview Assets.xcassets */,
			);
			path = "Preview Content";
			sourceTree = "<group>";
		};
		63E40D9D28B4CE5600A56989 /* SkyPlaygroundTests */ = {
			isa = PBXGroup;
			children = (
				63E40D9E28B4CE5600A56989 /* SkyPlaygroundTests.swift */,
			);
			path = SkyPlaygroundTests;
			sourceTree = "<group>";
		};
		63E40DA728B4CE5600A56989 /* SkyPlaygroundUITests */ = {
			isa = PBXGroup;
			children = (
				63E40DA828B4CE5600A56989 /* SkyPlaygroundUITests.swift */,
				63E40DAA28B4CE5600A56989 /* SkyPlaygroundUITestsLaunchTests.swift */,
			);
			path = SkyPlaygroundUITests;
			sourceTree = "<group>";
		};
/* End PBXGroup section */

/* Begin PBXNativeTarget section */
		63E40D8928B4CE5300A56989 /* SkyPlayground */ = {
			isa = PBXNativeTarget;
			buildConfigurationList = 63E40DAE28B4CE5600A56989 /* Build configuration list for PBXNativeTarget "SkyPlayground" */;
			buildPhases = (
				63E40D8628B4CE5300A56989 /* Sources */,
				63E40D8728B4CE5300A56989 /* Frameworks */,
				63E40D8828B4CE5300A56989 /* Resources */,
			);
			buildRules = (
			);
			dependencies = (
			);
			name = SkyPlayground;
			productName = SkyPlayground;
			productReference = 63E40D8A28B4CE5300A56989 /* SkyPlayground.app */;
			productType = "com.apple.product-type.application";
		};
		63E40D9928B4CE5600A56989 /* SkyPlaygroundTests */ = {
			isa = PBXNativeTarget;
			buildConfigurationList = 63E40DB128B4CE5600A56989 /* Build configuration list for PBXNativeTarget "SkyPlaygroundTests" */;
			buildPhases = (
				63E40D9628B4CE5600A56989 /* Sources */,
				63E40D9728B4CE5600A56989 /* Frameworks */,
				63E40D9828B4CE5600A56989 /* Resources */,
			);
			buildRules = (
			);
			dependencies = (
				63E40D9C28B4CE5600A56989 /* PBXTargetDependency */,
			);
			name = SkyPlaygroundTests;
			productName = SkyPlaygroundTests;
			productReference = 63E40D9A28B4CE5600A56989 /* SkyPlaygroundTests.xctest */;
			productType = "com.apple.product-type.bundle.unit-test";
		};
		63E40DA328B4CE5600A56989 /* SkyPlaygroundUITests */ = {
			isa = PBXNativeTarget;
			buildConfigurationList = 63E40DB428B4CE5600A56989 /* Build configuration list for PBXNativeTarget "SkyPlaygroundUITests" */;
			buildPhases = (
				63E40DA028B4CE5600A56989 /* Sources */,
				63E40DA128B4CE5600A56989 /* Frameworks */,
				63E40DA228B4CE5600A56989 /* Resources */,
			);
			buildRules = (
			);
			dependencies = (
				63E40DA628B4CE5600A56989 /* PBXTargetDependency */,
			);
			name = SkyPlaygroundUITests;
			productName = SkyPlaygroundUITests;
			productReference = 63E40DA428B4CE5600A56989 /* SkyPlaygroundUITests.xctest */;
			productType = "com.apple.product-type.bundle.ui-testing";
		};
/* End PBXNativeTarget section */

/* Begin PBXProject section */
		63E40D8228B4CE5200A56989 /* Project object */ = {
			isa = PBXProject;
			attributes = {
				BuildIndependentTargetsInParallel = 1;
				LastSwiftUpdateCheck = 1340;
				LastUpgradeCheck = 1340;
				TargetAttributes = {
					63E40D8928B4CE5300A56989 = {
						CreatedOnToolsVersion = 13.4.1;
					};
					63E40D9928B4CE5600A56989 = {
						CreatedOnToolsVersion = 13.4.1;
						TestTargetID = 63E40D8928B4CE5300A56989;
					};
					63E40DA328B4CE5600A56989 = {
						CreatedOnToolsVersion = 13.4.1;
						TestTargetID = 63E40D8928B4CE5300A56989;
					};
				};
			};
			buildConfigurationList = 63E40D8528B4CE5200A56989 /* Build configuration list for PBXProject "SkyPlayground" */;
			compatibilityVersion = "Xcode 13.0";
			developmentRegion = en;
			hasScannedForEncodings = 0;
			knownRegions = (
				en,
				Base,
			);
			mainGroup = 63E40D8128B4CE5200A56989;
			productRefGroup = 63E40D8B28B4CE5300A56989 /* Products */;
			projectDirPath = "";
			projectRoot = "";
			targets = (
				63E40D8928B4CE5300A56989 /* SkyPlayground */,
				63E40D9928B4CE5600A56989 /* SkyPlaygroundTests */,
				63E40DA328B4CE5600A56989 /* SkyPlaygroundUITests */,
			);
		};
/* End PBXProject section */

/* Begin PBXResourcesBuildPhase section */
		63E40D8828B4CE5300A56989 /* Resources */ = {
			isa = PBXResourcesBuildPhase;
			buildActionMask = 2147483647;
			files = (
				63E40D9528B4CE5600A56989 /* Preview Assets.xcassets in Resources */,
				63E40D9228B4CE5600A56989 /* Assets.xcassets in Resources */,
			);
			runOnlyForDeploymentPostprocessing = 0;
		};
		63E40D9828B4CE5600A56989 /* Resources */ = {
			isa = PBXResourcesBuildPhase;
			buildActionMask = 2147483647;
			files = (
			);
			runOnlyForDeploymentPostprocessing = 0;
		};
		63E40DA228B4CE5600A56989 /* Resources */ = {
			isa = PBXResourcesBuildPhase;
			buildActionMask = 2147483647;
			files = (
			);
			runOnlyForDeploymentPostprocessing = 0;
		};
/* End PBXResourcesBuildPhase section */

/* Begin PBXSourcesBuildPhase section */
		63E40D8628B4CE5300A56989 /* Sources */ = {
			isa = PBXSourcesBuildPhase;
			buildActionMask = 2147483647;
			files = (
				63E40DB828B4CFFD00A56989 /* LoginView.swift in Sources */,
				63E40D9028B4CE5300A56989 /* ContentView.swift in Sources */,
				63E40D8E28B4CE5300A56989 /* SkyPlaygroundApp.swift in Sources */,
			);
			runOnlyForDeploymentPostprocessing = 0;
		};
		63E40D9628B4CE5600A56989 /* Sources */ = {
			isa = PBXSourcesBuildPhase;
			buildActionMask = 2147483647;
			files = (
				63E40D9F28B4CE5600A56989 /* SkyPlaygroundTests.swift in Sources */,
			);
			runOnlyForDeploymentPostprocessing = 0;
		};
		63E40DA028B4CE5600A56989 /* Sources */ = {
			isa = PBXSourcesBuildPhase;
			buildActionMask = 2147483647;
			files = (
				63E40DA928B4CE5600A56989 /* SkyPlaygroundUITests.swift in Sources */,
				63E40DAB28B4CE5600A56989 /* SkyPlaygroundUITestsLaunchTests.swift in Sources */,
			);
			runOnlyForDeploymentPostprocessing = 0;
		};
/* End PBXSourcesBuildPhase section */

/* Begin PBXTargetDependency section */
		63E40D9C28B4CE5600A56989 /* PBXTargetDependency */ = {
			isa = PBXTargetDependency;
			target = 63E40D8928B4CE5300A56989 /* SkyPlayground */;
			targetProxy = 63E40D9B28B4CE5600A56989 /* PBXContainerItemProxy */;
		};
		63E40DA628B4CE5600A56989 /* PBXTargetDependency */ = {
			isa = PBXTargetDependency;
			target = 63E40D8928B4CE5300A56989 /* SkyPlayground */;
			targetProxy = 63E40DA528B4CE5600A56989 /* PBXContainerItemProxy */;
		};
/* End PBXTargetDependency section */

/* Begin XCBuildConfiguration section */
		63E40DAC28B4CE5600A56989 /* Debug */ = {
			isa = XCBuildConfiguration;
			buildSettings = {
				ALWAYS_SEARCH_USER_PATHS = NO;
				CLANG_ANALYZER_NONNULL = YES;
				CLANG_ANALYZER_NUMBER_OBJECT_CONVERSION = YES_AGGRESSIVE;
				CLANG_CXX_LANGUAGE_STANDARD = "gnu++17";
				CLANG_ENABLE_MODULES = YES;
				CLANG_ENABLE_OBJC_ARC = YES;
				CLANG_ENABLE_OBJC_WEAK = YES;
				CLANG_WARN_BLOCK_CAPTURE_AUTORELEASING = YES;
				CLANG_WARN_BOOL_CONVERSION = YES;
				CLANG_WARN_COMMA = YES;
				CLANG_WARN_CONSTANT_CONVERSION = YES;
				CLANG_WARN_DEPRECATED_OBJC_IMPLEMENTATIONS = YES;
				CLANG_WARN_DIRECT_OBJC_ISA_USAGE = YES_ERROR;
				CLANG_WARN_DOCUMENTATION_COMMENTS = YES;
				CLANG_WARN_EMPTY_BODY = YES;
				CLANG_WARN_ENUM_CONVERSION = YES;
				CLANG_WARN_INFINITE_RECURSION = YES;
				CLANG_WARN_INT_CONVERSION = YES;
				CLANG_WARN_NON_LITERAL_NULL_CONVERSION = YES;
				CLANG_WARN_OBJC_IMPLICIT_RETAIN_SELF = YES;
				CLANG_WARN_OBJC_LITERAL_CONVERSION = YES;
				CLANG_WARN_OBJC_ROOT_CLASS = YES_ERROR;
				CLANG_WARN_QUOTED_INCLUDE_IN_FRAMEWORK_HEADER = YES;
				CLANG_WARN_RANGE_LOOP_ANALYSIS = YES;
				CLANG_WARN_STRICT_PROTOTYPES = YES;
				CLANG_WARN_SUSPICIOUS_MOVE = YES;
				CLANG_WARN_UNGUARDED_AVAILABILITY = YES_AGGRESSIVE;
				CLANG_WARN_UNREACHABLE_CODE = YES;
				CLANG_WARN__DUPLICATE_METHOD_MATCH = YES;
				COPY_PHASE_STRIP = NO;
				DEBUG_INFORMATION_FORMAT = dwarf;
				ENABLE_STRICT_OBJC_MSGSEND = YES;
				ENABLE_TESTABILITY = YES;
				GCC_C_LANGUAGE_STANDARD = gnu11;
				GCC_DYNAMIC_NO_PIC = NO;
				GCC_NO_COMMON_BLOCKS = YES;
				GCC_OPTIMIZATION_LEVEL = 0;
				GCC_PREPROCESSOR_DEFINITIONS = (
					"DEBUG=1",
					"$(inherited)",
				);
				GCC_WARN_64_TO_32_BIT_CONVERSION = YES;
				GCC_WARN_ABOUT_RETURN_TYPE = YES_ERROR;
				GCC_WARN_UNDECLARED_SELECTOR = YES;
				GCC_WARN_UNINITIALIZED_AUTOS = YES_AGGRESSIVE;
				GCC_WARN_UNUSED_FUNCTION = YES;
				GCC_WARN_UNUSED_VARIABLE = YES;
				IPHONEOS_DEPLOYMENT_TARGET = 15.5;
				MTL_ENABLE_DEBUG_INFO = INCLUDE_SOURCE;
				MTL_FAST_MATH = YES;
				ONLY_ACTIVE_ARCH = YES;
				SDKROOT = iphoneos;
				SWIFT_ACTIVE_COMPILATION_CONDITIONS = DEBUG;
				SWIFT_OPTIMIZATION_LEVEL = "-Onone";
			};
			name = Debug;
		};
		63E40DAD28B4CE5600A56989 /* Release */ = {
			isa = XCBuildConfiguration;
			buildSettings = {
				ALWAYS_SEARCH_USER_PATHS = NO;
				CLANG_ANALYZER_NONNULL = YES;
				CLANG_ANALYZER_NUMBER_OBJECT_CONVERSION = YES_AGGRESSIVE;
				CLANG_CXX_LANGUAGE_STANDARD = "gnu++17";
				CLANG_ENABLE_MODULES = YES;
				CLANG_ENABLE_OBJC_ARC = YES;
				CLANG_ENABLE_OBJC_WEAK = YES;
				CLANG_WARN_BLOCK_CAPTURE_AUTORELEASING = YES;
				CLANG_WARN_BOOL_CONVERSION = YES;
				CLANG_WARN_COMMA = YES;
				CLANG_WARN_CONSTANT_CONVERSION = YES;
				CLANG_WARN_DEPRECATED_OBJC_IMPLEMENTATIONS = YES;
				CLANG_WARN_DIRECT_OBJC_ISA_USAGE = YES_ERROR;
				CLANG_WARN_DOCUMENTATION_COMMENTS = YES;
				CLANG_WARN_EMPTY_BODY = YES;
				CLANG_WARN_ENUM_CONVERSION = YES;
				CLANG_WARN_INFINITE_RECURSION = YES;
				CLANG_WARN_INT_CONVERSION = YES;
				CLANG_WARN_NON_LITERAL_NULL_CONVERSION = YES;
				CLANG_WARN_OBJC_IMPLICIT_RETAIN_SELF = YES;
				CLANG_WARN_OBJC_LITERAL_CONVERSION = YES;
				CLANG_WARN_OBJC_ROOT_CLASS = YES_ERROR;
				CLANG_WARN_QUOTED_INCLUDE_IN_FRAMEWORK_HEADER = YES;
				CLANG_WARN_RANGE_LOOP_ANALYSIS = YES;
				CLANG_WARN_STRICT_PROTOTYPES = YES;
				CLANG_WARN_SUSPICIOUS_MOVE = YES;
				CLANG_WARN_UNGUARDED_AVAILABILITY = YES_AGGRESSIVE;
				CLANG_WARN_UNREACHABLE_CODE = YES;
				CLANG_WARN__DUPLICATE_METHOD_MATCH = YES;
				COPY_PHASE_STRIP = NO;
				DEBUG_INFORMATION_FORMAT = "dwarf-with-dsym";
				ENABLE_NS_ASSERTIONS = NO;
				ENABLE_STRICT_OBJC_MSGSEND = YES;
				GCC_C_LANGUAGE_STANDARD = gnu11;
				GCC_NO_COMMON_BLOCKS = YES;
				GCC_WARN_64_TO_32_BIT_CONVERSION = YES;
				GCC_WARN_ABOUT_RETURN_TYPE = YES_ERROR;
				GCC_WARN_UNDECLARED_SELECTOR = YES;
				GCC_WARN_UNINITIALIZED_AUTOS = YES_AGGRESSIVE;
				GCC_WARN_UNUSED_FUNCTION = YES;
				GCC_WARN_UNUSED_VARIABLE = YES;
				IPHONEOS_DEPLOYMENT_TARGET = 15.5;
				MTL_ENABLE_DEBUG_INFO = NO;
				MTL_FAST_MATH = YES;
				SDKROOT = iphoneos;
				SWIFT_COMPILATION_MODE = wholemodule;
				SWIFT_OPTIMIZATION_LEVEL = "-O";
				VALIDATE_PRODUCT = YES;
			};
			name = Release;
		};
		63E40DAF28B4CE5600A56989 /* Debug */ = {
			isa = XCBuildConfiguration;
			buildSettings = {
				ASSETCATALOG_COMPILER_APPICON_NAME = AppIcon;
				ASSETCATALOG_COMPILER_GLOBAL_ACCENT_COLOR_NAME = AccentColor;
				CODE_SIGN_STYLE = Automatic;
				CURRENT_PROJECT_VERSION = 1;
				DEVELOPMENT_ASSET_PATHS = "\"SkyPlayground/Preview Content\"";
				DEVELOPMENT_TEAM = DRA6H78AQM;
				ENABLE_PREVIEWS = YES;
				GENERATE_INFOPLIST_FILE = YES;
				INFOPLIST_KEY_UIApplicationSceneManifest_Generation = YES;
				INFOPLIST_KEY_UIApplicationSupportsIndirectInputEvents = YES;
				INFOPLIST_KEY_UILaunchScreen_Generation = YES;
				INFOPLIST_KEY_UISupportedInterfaceOrientations_iPad = "UIInterfaceOrientationPortrait UIInterfaceOrientationPortraitUpsideDown UIInterfaceOrientationLandscapeLeft UIInterfaceOrientationLandscapeRight";
				INFOPLIST_KEY_UISupportedInterfaceOrientations_iPhone = "UIInterfaceOrientationPortrait UIInterfaceOrientationLandscapeLeft UIInterfaceOrientationLandscapeRight";
				LD_RUNPATH_SEARCH_PATHS = (
					"$(inherited)",
					"@executable_path/Frameworks",
				);
				MARKETING_VERSION = 1.0;
				PRODUCT_BUNDLE_IDENTIFIER = uk.sky.SkyPlayground;
				PRODUCT_NAME = "$(TARGET_NAME)";
				SWIFT_EMIT_LOC_STRINGS = YES;
				SWIFT_VERSION = 5.0;
				TARGETED_DEVICE_FAMILY = "1,2";
			};
			name = Debug;
		};
		63E40DB028B4CE5600A56989 /* Release */ = {
			isa = XCBuildConfiguration;
			buildSettings = {
				ASSETCATALOG_COMPILER_APPICON_NAME = AppIcon;
				ASSETCATALOG_COMPILER_GLOBAL_ACCENT_COLOR_NAME = AccentColor;
				CODE_SIGN_STYLE = Automatic;
				CURRENT_PROJECT_VERSION = 1;
				DEVELOPMENT_ASSET_PATHS = "\"SkyPlayground/Preview Content\"";
				DEVELOPMENT_TEAM = DRA6H78AQM;
				ENABLE_PREVIEWS = YES;
				GENERATE_INFOPLIST_FILE = YES;
				INFOPLIST_KEY_UIApplicationSceneManifest_Generation = YES;
				INFOPLIST_KEY_UIApplicationSupportsIndirectInputEvents = YES;
				INFOPLIST_KEY_UILaunchScreen_Generation = YES;
				INFOPLIST_KEY_UISupportedInterfaceOrientations_iPad = "UIInterfaceOrientationPortrait UIInterfaceOrientationPortraitUpsideDown UIInterfaceOrientationLandscapeLeft UIInterfaceOrientationLandscapeRight";
				INFOPLIST_KEY_UISupportedInterfaceOrientations_iPhone = "UIInterfaceOrientationPortrait UIInterfaceOrientationLandscapeLeft UIInterfaceOrientationLandscapeRight";
				LD_RUNPATH_SEARCH_PATHS = (
					"$(inherited)",
					"@executable_path/Frameworks",
				);
				MARKETING_VERSION = 1.0;
				PRODUCT_BUNDLE_IDENTIFIER = uk.sky.SkyPlayground;
				PRODUCT_NAME = "$(TARGET_NAME)";
				SWIFT_EMIT_LOC_STRINGS = YES;
				SWIFT_VERSION = 5.0;
				TARGETED_DEVICE_FAMILY = "1,2";
			};
			name = Release;
		};
		63E40DB228B4CE5600A56989 /* Debug */ = {
			isa = XCBuildConfiguration;
			buildSettings = {
				ALWAYS_EMBED_SWIFT_STANDARD_LIBRARIES = YES;
				BUNDLE_LOADER = "$(TEST_HOST)";
				CODE_SIGN_STYLE = Automatic;
				CURRENT_PROJECT_VERSION = 1;
				DEVELOPMENT_TEAM = DRA6H78AQM;
				GENERATE_INFOPLIST_FILE = YES;
				IPHONEOS_DEPLOYMENT_TARGET = 15.5;
				MARKETING_VERSION = 1.0;
				PRODUCT_BUNDLE_IDENTIFIER = uk.sky.SkyPlaygroundTests;
				PRODUCT_NAME = "$(TARGET_NAME)";
				SWIFT_EMIT_LOC_STRINGS = NO;
				SWIFT_VERSION = 5.0;
				TARGETED_DEVICE_FAMILY = "1,2";
				TEST_HOST = "$(BUILT_PRODUCTS_DIR)/SkyPlayground.app/SkyPlayground";
			};
			name = Debug;
		};
		63E40DB328B4CE5600A56989 /* Release */ = {
			isa = XCBuildConfiguration;
			buildSettings = {
				ALWAYS_EMBED_SWIFT_STANDARD_LIBRARIES = YES;
				BUNDLE_LOADER = "$(TEST_HOST)";
				CODE_SIGN_STYLE = Automatic;
				CURRENT_PROJECT_VERSION = 1;
				DEVELOPMENT_TEAM = DRA6H78AQM;
				GENERATE_INFOPLIST_FILE = YES;
				IPHONEOS_DEPLOYMENT_TARGET = 15.5;
				MARKETING_VERSION = 1.0;
				PRODUCT_BUNDLE_IDENTIFIER = uk.sky.SkyPlaygroundTests;
				PRODUCT_NAME = "$(TARGET_NAME)";
				SWIFT_EMIT_LOC_STRINGS = NO;
				SWIFT_VERSION = 5.0;
				TARGETED_DEVICE_FAMILY = "1,2";
				TEST_HOST = "$(BUILT_PRODUCTS_DIR)/SkyPlayground.app/SkyPlayground";
			};
			name = Release;
		};
		63E40DB528B4CE5600A56989 /* Debug */ = {
			isa = XCBuildConfiguration;
			buildSettings = {
				ALWAYS_EMBED_SWIFT_STANDARD_LIBRARIES = YES;
				CODE_SIGN_STYLE = Automatic;
				CURRENT_PROJECT_VERSION = 1;
				DEVELOPMENT_TEAM = DRA6H78AQM;
				GENERATE_INFOPLIST_FILE = YES;
				MARKETING_VERSION = 1.0;
				PRODUCT_BUNDLE_IDENTIFIER = uk.sky.SkyPlaygroundUITests;
				PRODUCT_NAME = "$(TARGET_NAME)";
				SWIFT_EMIT_LOC_STRINGS = NO;
				SWIFT_VERSION = 5.0;
				TARGETED_DEVICE_FAMILY = "1,2";
				TEST_TARGET_NAME = SkyPlayground;
			};
			name = Debug;
		};
		63E40DB628B4CE5600A56989 /* Release */ = {
			isa = XCBuildConfiguration;
			buildSettings = {
				ALWAYS_EMBED_SWIFT_STANDARD_LIBRARIES = YES;
				CODE_SIGN_STYLE = Automatic;
				CURRENT_PROJECT_VERSION = 1;
				DEVELOPMENT_TEAM = DRA6H78AQM;
				GENERATE_INFOPLIST_FILE = YES;
				MARKETING_VERSION = 1.0;
				PRODUCT_BUNDLE_IDENTIFIER = uk.sky.SkyPlaygroundUITests;
				PRODUCT_NAME = "$(TARGET_NAME)";
				SWIFT_EMIT_LOC_STRINGS = NO;
				SWIFT_VERSION = 5.0;
				TARGETED_DEVICE_FAMILY = "1,2";
				TEST_TARGET_NAME = SkyPlayground;
			};
			name = Release;
		};
/* End XCBuildConfiguration section */

/* Begin XCConfigurationList section */
		63E40D8528B4CE5200A56989 /* Build configuration list for PBXProject "SkyPlayground" */ = {
			isa = XCConfigurationList;
			buildConfigurations = (
				63E40DAC28B4CE5600A56989 /* Debug */,
				63E40DAD28B4CE5600A56989 /* Release */,
			);
			defaultConfigurationIsVisible = 0;
			defaultConfigurationName = Release;
		};
		63E40DAE28B4CE5600A56989 /* Build configuration list for PBXNativeTarget "SkyPlayground" */ = {
			isa = XCConfigurationList;
			buildConfigurations = (
				63E40DAF28B4CE5600A56989 /* Debug */,
				63E40DB028B4CE5600A56989 /* Release */,
			);
			defaultConfigurationIsVisible = 0;
			defaultConfigurationName = Release;
		};
		63E40DB128B4CE5600A56989 /* Build configuration list for PBXNativeTarget "SkyPlaygroundTests" */ = {
			isa = XCConfigurationList;
			buildConfigurations = (
				63E40DB228B4CE5600A56989 /* Debug */,
				63E40DB328B4CE5600A56989 /* Release */,
			);
			defaultConfigurationIsVisible = 0;
			defaultConfigurationName = Release;
		};
		63E40DB428B4CE5600A56989 /* Build configuration list for PBXNativeTarget "SkyPlaygroundUITests" */ = {
			isa = XCConfigurationList;
			buildConfigurations = (
				63E40DB528B4CE5600A56989 /* Debug */,
				63E40DB628B4CE5600A56989 /* Release */,
			);
			defaultConfigurationIsVisible = 0;
			defaultConfigurationName = Release;
		};
/* End XCConfigurationList section */
	};
	rootObject = 63E40D8228B4CE5200A56989 /* Project object */;
}
